
Microsoft Visual Studio Solution File, Format Version 12.00
# Visual Studio Version 17
VisualStudioVersion = 17.4.33205.214
MinimumVisualStudioVersion = 10.0.40219.1
Project("{FAE04EC0-301F-11D3-BF4B-00C04F79EFBC}") = "HomeTask3", "HomeTask3\HomeTask3.csproj", "{C7D484EE-F8E8-47DB-B590-DE58033156DE}"
EndProject
Global
	GlobalSection(SolutionConfigurationPlatforms) = preSolution
		Debug|Any CPU = Debug|Any CPU
		Release|Any CPU = Release|Any CPU
	EndGlobalSection
	GlobalSection(ProjectConfigurationPlatforms) = postSolution
		{C7D484EE-F8E8-47DB-B590-DE58033156DE}.Debug|Any CPU.ActiveCfg = Debug|Any CPU
		{C7D484EE-F8E8-47DB-B590-DE58033156DE}.Debug|Any CPU.Build.0 = Debug|Any CPU
		{C7D484EE-F8E8-47DB-B590-DE58033156DE}.Release|Any CPU.ActiveCfg = Release|Any CPU
		{C7D484EE-F8E8-47DB-B590-DE58033156DE}.Release|Any CPU.Build.0 = Release|Any CPU
	EndGlobalSection
	GlobalSection(SolutionProperties) = preSolution
		HideSolutionNode = FALSE
	EndGlobalSection
	GlobalSection(ExtensibilityGlobals) = postSolution
		SolutionGuid = {9B693738-A02B-4CE2-BA77-DBC221C02440}
	EndGlobalSection
EndGlobal
